{
  "name": "ensac",
  "version": "0.1.0",
  "lockfileVersion": 1,
  "requires": true,
  "dependencies": {
    "@next/env": {
      "version": "13.0.2",
      "resolved": "https://registry.npmjs.org/@next/env/-/env-13.0.2.tgz",
      "integrity": "sha512-Qb6WPuRriGIQ19qd6NBxpcrFOfj8ziN7l9eZUfwff5gl4zLXluqtuZPddYZM/oWjN53ZYcuRXzL+oowKyJeYtA=="
    },
    "@next/swc-android-arm-eabi": {
      "version": "13.0.2",
      "resolved": "https://registry.npmjs.org/@next/swc-android-arm-eabi/-/swc-android-arm-eabi-13.0.2.tgz",
      "integrity": "sha512-X54UQCTFyOGnJP//Z71dPPlp4BCYcQL2ncikKXQcPzVpqPs4C3m+tKC8ivBNH6edAXkppwsLRz1/yQwgSZ9Swg==",
      "optional": true
    },
    "@next/swc-android-arm64": {
      "version": "13.0.2",
      "resolved": "https://registry.npmjs.org/@next/swc-android-arm64/-/swc-android-arm64-13.0.2.tgz",
      "integrity": "sha512-1P00Kv8uKaLubqo7JzPrTqgFAzSOmfb8iwqJrOb9in5IvTRtNGlkR4hU0sXzqbQNM/+SaYxze6Z5ry1IDyb/cQ==",
      "optional": true
    },
    "@next/swc-darwin-arm64": {
      "version": "13.0.2",
      "resolved": "https://registry.npmjs.org/@next/swc-darwin-arm64/-/swc-darwin-arm64-13.0.2.tgz",
      "integrity": "sha512-1zGIOkInkOLRv0QQGZ+3wffYsyKI4vIy62LYTvDWUn7TAYqnmXwougp9NSLqDeagLwgsv2URrykyAFixA/YqxA==",
      "optional": true
    },
    "@next/swc-darwin-x64": {
      "version": "13.0.2",
      "resolved": "https://registry.npmjs.org/@next/swc-darwin-x64/-/swc-darwin-x64-13.0.2.tgz",
      "integrity": "sha512-ECDAjoMP1Y90cARaelS6X+k6BQx+MikAYJ8f/eaJrLur44NIOYc9HA/dgcTp5jenguY4yT8V+HCquLjAVle6fA==",
      "optional": true
    },
    "@next/swc-freebsd-x64": {
      "version": "13.0.2",
      "resolved": "https://registry.npmjs.org/@next/swc-freebsd-x64/-/swc-freebsd-x64-13.0.2.tgz",
      "integrity": "sha512-2DcL/ofQdBnQX3IoI9sjlIAyLCD1oZoUBuhrhWbejvBQjutWrI0JTEv9uG69WcxWhVMm3BCsjv8GK2/68OKp7A==",
      "optional": true
    },
    "@next/swc-linux-arm-gnueabihf": {
      "version": "13.0.2",
      "resolved": "https://registry.npmjs.org/@next/swc-linux-arm-gnueabihf/-/swc-linux-arm-gnueabihf-13.0.2.tgz",
      "integrity": "sha512-Y3OQF1CSBSWW2vGkmvOIuOUNqOq8qX7f1ZpcKUVWP3/Uq++DZmVi9d18lgnSe1I3QFqc+nXWyun9ljsN83j0sw==",
      "optional": true
    },
    "@next/swc-linux-arm64-gnu": {
      "version": "13.0.2",
      "resolved": "https://registry.npmjs.org/@next/swc-linux-arm64-gnu/-/swc-linux-arm64-gnu-13.0.2.tgz",
      "integrity": "sha512-mNyzwsFF6kwZYEjnGicx9ksDZYEZvyzEc1BtCu8vdZi/v8UeixQwCiAT6FyYX9uxMPEkzk8qiU0t0u9gvltsKw==",
      "optional": true
    },
    "@next/swc-linux-arm64-musl": {
      "version": "13.0.2",
      "resolved": "https://registry.npmjs.org/@next/swc-linux-arm64-musl/-/swc-linux-arm64-musl-13.0.2.tgz",
      "integrity": "sha512-M6SdYjWgRrY3tJBxz0663zCRPTu5BRONmxlftKWWHv9LjAJ59neTLaGj4rp0A08DkJglZIoCkLOzLrzST6TGag==",
      "optional": true
    },
    "@next/swc-linux-x64-gnu": {
      "version": "13.0.2",
      "resolved": "https://registry.npmjs.org/@next/swc-linux-x64-gnu/-/swc-linux-x64-gnu-13.0.2.tgz",
      "integrity": "sha512-pi63RoxvG4ES1KS06Zpm0MATVIXTs/TIbLbdckeLoM40u1d3mQl/+hSSrLRSxzc2OtyL8fh92sM4gkJrQXAMAw==",
      "optional": true
    },
    "@next/swc-linux-x64-musl": {
      "version": "13.0.2",
      "resolved": "https://registry.npmjs.org/@next/swc-linux-x64-musl/-/swc-linux-x64-musl-13.0.2.tgz",
      "integrity": "sha512-9Pv91gfYnDONgjtRm78n64b/c54+azeHtlnqBLTnIFWSMBDRl1/WDkhKWIj3fBGPLimtK7Tko3ULR3og9RRUPw==",
      "optional": true
    },
    "@next/swc-win32-arm64-msvc": {
      "version": "13.0.2",
      "resolved": "https://registry.npmjs.org/@next/swc-win32-arm64-msvc/-/swc-win32-arm64-msvc-13.0.2.tgz",
      "integrity": "sha512-Nvewe6YZaizAkGHHprbMkYqQulBjZCHKBGKeFPwoPtOA+a2Qi4pZzc/qXFyC5/2A6Z0mr2U1zg9rd04WBYMwBw==",
      "optional": true
    },
    "@next/swc-win32-ia32-msvc": {
      "version": "13.0.2",
      "resolved": "https://registry.npmjs.org/@next/swc-win32-ia32-msvc/-/swc-win32-ia32-msvc-13.0.2.tgz",
      "integrity": "sha512-ZUBYGZw5G3QrqDpRq1EWi3aHmvPZM8ijK5TFL6UbH16cYQ0JpANmuG2P66KB93Qe/lWWzbeAZk/tj1XqwoCuPA==",
      "optional": true
    },
    "@next/swc-win32-x64-msvc": {
      "version": "13.0.2",
      "resolved": "https://registry.npmjs.org/@next/swc-win32-x64-msvc/-/swc-win32-x64-msvc-13.0.2.tgz",
      "integrity": "sha512-fA9uW1dm7C0mEYGcKlbmLcVm2sKcye+1kPxh2cM4jVR+kQQMtHWsjIzeSpe2grQLSDan06z4n6hbr8b1c3hA8w==",
      "optional": true
    },
    "@swc/helpers": {
      "version": "0.4.11",
      "resolved": "https://registry.npmjs.org/@swc/helpers/-/helpers-0.4.11.tgz",
      "integrity": "sha512-rEUrBSGIoSFuYxwBYtlUFMlE2CwGhmW+w9355/5oduSw8e5h2+Tj4UrAGNNgP9915++wj5vkQo0UuOBqOAq4nw==",
      "requires": {
        "tslib": "^2.4.0"
      }
    },
    "@syncfusion/ej2-base": {
      "version": "20.3.50",
      "resolved": "https://registry.npmjs.org/@syncfusion/ej2-base/-/ej2-base-20.3.50.tgz",
      "integrity": "sha512-v6POMf2LwuRqo/ZSDON7WlHGIAs0BRaU7AM67IP4IdFr2J5MBwN2lFuw2zHaC7BH7h1AB8kBwRDoQEWuKitfRQ==",
      "requires": {
        "@syncfusion/ej2-icons": "~20.3.47"
      }
    },
    "@syncfusion/ej2-buttons": {
      "version": "20.3.50",
      "resolved": "https://registry.npmjs.org/@syncfusion/ej2-buttons/-/ej2-buttons-20.3.50.tgz",
      "integrity": "sha512-13FQCCpWAh/uT6PiZEByuI39SHOwukgZlvGk0sI3e7KRwY3kO0+h7pWkTVm8QVonimBrzRcizHClnvqkcdnnrA==",
      "requires": {
        "@syncfusion/ej2-base": "~20.3.50"
      }
    },
    "@syncfusion/ej2-data": {
      "version": "20.3.50",
      "resolved": "https://registry.npmjs.org/@syncfusion/ej2-data/-/ej2-data-20.3.50.tgz",
      "integrity": "sha512-P9beCUe05feVfc32EWl6T0UdQsyoFmasoAYYhbpodkjdlvyHB+AlEQ5mEzsnmxGlmf5O3kULqSNhX5SPO87MkQ==",
      "requires": {
        "@syncfusion/ej2-base": "~20.3.50"
      }
    },
    "@syncfusion/ej2-diagrams": {
      "version": "20.3.50",
      "resolved": "https://registry.npmjs.org/@syncfusion/ej2-diagrams/-/ej2-diagrams-20.3.50.tgz",
      "integrity": "sha512-egGIao133dbrq+FPInD7+hcBwKnXGS301xbs654b81PYQFUSyEXGM3vMehMoofM/tw2Er8ZXEgXNxo2+UwXAQg==",
      "requires": {
        "@syncfusion/ej2-base": "~20.3.50",
        "@syncfusion/ej2-buttons": "~20.3.50",
        "@syncfusion/ej2-data": "~20.3.50",
        "@syncfusion/ej2-inputs": "~20.3.50",
        "@syncfusion/ej2-lists": "~20.3.50",
        "@syncfusion/ej2-navigations": "~20.3.50",
        "@syncfusion/ej2-popups": "~20.3.50"
      }
    },
    "@syncfusion/ej2-icons": {
      "version": "20.3.47",
      "resolved": "https://registry.npmjs.org/@syncfusion/ej2-icons/-/ej2-icons-20.3.47.tgz",
      "integrity": "sha512-5uQEkkyene5mm/o1G7GMSJqmSrFOWFyuJdEIqzZYBzr+7hwlq6P919A/XR3eDBJSIz1wTN65bTQ9SCl4j/us1g=="
    },
    "@syncfusion/ej2-inputs": {
      "version": "20.3.50",
      "resolved": "https://registry.npmjs.org/@syncfusion/ej2-inputs/-/ej2-inputs-20.3.50.tgz",
      "integrity": "sha512-sc+LJZf5Nvj1PvxLDIMQN0NV87BuACGrX7Ow6BoDwkerZ/ZsXZY9i25iedcta22Jp4Zbs2qW3gyw/qFM/dbyuQ==",
      "requires": {
        "@syncfusion/ej2-base": "~20.3.50",
        "@syncfusion/ej2-buttons": "~20.3.50",
        "@syncfusion/ej2-popups": "~20.3.50",
        "@syncfusion/ej2-splitbuttons": "~20.3.47"
      }
    },
    "@syncfusion/ej2-lists": {
      "version": "20.3.51",
      "resolved": "https://registry.npmjs.org/@syncfusion/ej2-lists/-/ej2-lists-20.3.51.tgz",
      "integrity": "sha512-ynUxKPPhkh0W+PX746j/4wDP1h9HKmPZMZ37BpvMVbTlBjSUw9N2DA9eY7yiug5wUosdhoTBhTQgW6UaJ4yZKg==",
      "requires": {
        "@syncfusion/ej2-base": "~20.3.50",
        "@syncfusion/ej2-buttons": "~20.3.50",
        "@syncfusion/ej2-data": "~20.3.50"
      }
    },
    "@syncfusion/ej2-navigations": {
      "version": "20.3.52",
      "resolved": "https://registry.npmjs.org/@syncfusion/ej2-navigations/-/ej2-navigations-20.3.52.tgz",
      "integrity": "sha512-K35JnbZXL2nsLchfYtholuMc9N/TTMezBncx+HR7an4SzCVcEH0yVbpFhf/JoW414O2ONoRqOeMloBa5sqAzxQ==",
      "requires": {
        "@syncfusion/ej2-base": "~20.3.50",
        "@syncfusion/ej2-buttons": "~20.3.50",
        "@syncfusion/ej2-data": "~20.3.50",
        "@syncfusion/ej2-inputs": "~20.3.50",
        "@syncfusion/ej2-lists": "~20.3.51",
        "@syncfusion/ej2-popups": "~20.3.50"
      }
    },
    "@syncfusion/ej2-popups": {
      "version": "20.3.50",
      "resolved": "https://registry.npmjs.org/@syncfusion/ej2-popups/-/ej2-popups-20.3.50.tgz",
      "integrity": "sha512-Ynqd9t8ji5zS2ulTQsVGU77drFT+0FItZ6hOUFajXj/dkohQOlDmeNN/RweiTadhWA62xmkoqAZXiGvWoj0V5Q==",
      "requires": {
        "@syncfusion/ej2-base": "~20.3.50",
        "@syncfusion/ej2-buttons": "~20.3.50"
      }
    },
    "@syncfusion/ej2-react-base": {
      "version": "20.3.47",
      "resolved": "https://registry.npmjs.org/@syncfusion/ej2-react-base/-/ej2-react-base-20.3.47.tgz",
      "integrity": "sha512-x1FNcohhHNvUfvoDVP/jvwmXz65LHP3hKRQIwPxaPby5lM1OzHUecWuIT+6JTc4dat++14c35EAbC6sqr1PrhA==",
      "requires": {
        "@syncfusion/ej2-base": "~20.3.47"
      }
    },
    "@syncfusion/ej2-react-diagrams": {
      "version": "20.3.50",
      "resolved": "https://registry.npmjs.org/@syncfusion/ej2-react-diagrams/-/ej2-react-diagrams-20.3.50.tgz",
      "integrity": "sha512-KNEZwPLQvTLyhloRqY2YVV+MyuQB9jmMzMDEJhFhYjrcKMixaaL8hyw7umI1HEZ/FW6eqsAJlNijfRGj5WEo4Q==",
      "requires": {
        "@syncfusion/ej2-base": "~20.3.50",
        "@syncfusion/ej2-diagrams": "20.3.50",
        "@syncfusion/ej2-react-base": "~20.3.47"
      }
    },
    "@syncfusion/ej2-splitbuttons": {
      "version": "20.3.52",
      "resolved": "https://registry.npmjs.org/@syncfusion/ej2-splitbuttons/-/ej2-splitbuttons-20.3.52.tgz",
      "integrity": "sha512-IGi8FsQfb3ey1Yls3kEp6sCpUIo4zV7ta49ujC1UZ1GNBQ13U3DxDepaYGR7LngJzidDbQc9eZ5vAEfYbZ9AzQ==",
      "requires": {
        "@syncfusion/ej2-base": "~20.3.50",
        "@syncfusion/ej2-popups": "~20.3.50"
      }
    },
    "caniuse-lite": {
      "version": "1.0.30001430",
      "resolved": "https://registry.npmjs.org/caniuse-lite/-/caniuse-lite-1.0.30001430.tgz",
      "integrity": "sha512-IB1BXTZKPDVPM7cnV4iaKaHxckvdr/3xtctB3f7Hmenx3qYBhGtTZ//7EllK66aKXW98Lx0+7Yr0kxBtIt3tzg=="
    },
    "client-only": {
      "version": "0.0.1",
      "resolved": "https://registry.npmjs.org/client-only/-/client-only-0.0.1.tgz",
      "integrity": "sha512-IV3Ou0jSMzZrd3pZ48nLkT9DA7Ag1pnPzaiQhpW7c3RbcqqzvzzVu+L8gfqMp/8IM2MQtSiqaCxrrcfu8I8rMA=="
    },
    "js-tokens": {
      "version": "4.0.0",
      "resolved": "https://registry.npmjs.org/js-tokens/-/js-tokens-4.0.0.tgz",
      "integrity": "sha512-RdJUflcE3cUzKiMqQgsCu06FPu9UdIJO0beYbPhHN4k6apgJtifcoCtT9bcxOpYBtpD2kCM6Sbzg4CausW/PKQ=="
    },
    "loose-envify": {
      "version": "1.4.0",
      "resolved": "https://registry.npmjs.org/loose-envify/-/loose-envify-1.4.0.tgz",
      "integrity": "sha512-lyuxPGr/Wfhrlem2CL/UcnUc1zcqKAImBDzukY7Y5F/yQiNdko6+fRLevlw1HgMySw7f611UIY408EtxRSoK3Q==",
      "requires": {
        "js-tokens": "^3.0.0 || ^4.0.0"
      }
    },
    "nanoid": {
      "version": "3.3.4",
      "resolved": "https://registry.npmjs.org/nanoid/-/nanoid-3.3.4.tgz",
      "integrity": "sha512-MqBkQh/OHTS2egovRtLk45wEyNXwF+cokD+1YPf9u5VfJiRdAiRwB2froX5Co9Rh20xs4siNPm8naNotSD6RBw=="
    },
    "next": {
      "version": "13.0.2",
      "resolved": "https://registry.npmjs.org/next/-/next-13.0.2.tgz",
      "integrity": "sha512-uQ5z5e4D9mOe8+upy6bQdYYjo/kk1v3jMW87kTy2TgAyAsEO+CkwRnMgyZ4JoHEnhPZLHwh7dk0XymRNLe1gFw==",
      "requires": {
        "@next/env": "13.0.2",
        "@next/swc-android-arm-eabi": "13.0.2",
        "@next/swc-android-arm64": "13.0.2",
        "@next/swc-darwin-arm64": "13.0.2",
        "@next/swc-darwin-x64": "13.0.2",
        "@next/swc-freebsd-x64": "13.0.2",
        "@next/swc-linux-arm-gnueabihf": "13.0.2",
        "@next/swc-linux-arm64-gnu": "13.0.2",
        "@next/swc-linux-arm64-musl": "13.0.2",
        "@next/swc-linux-x64-gnu": "13.0.2",
        "@next/swc-linux-x64-musl": "13.0.2",
        "@next/swc-win32-arm64-msvc": "13.0.2",
        "@next/swc-win32-ia32-msvc": "13.0.2",
        "@next/swc-win32-x64-msvc": "13.0.2",
        "@swc/helpers": "0.4.11",
        "caniuse-lite": "^1.0.30001406",
        "postcss": "8.4.14",
        "styled-jsx": "5.1.0",
        "use-sync-external-store": "1.2.0"
      }
    },
    "picocolors": {
      "version": "1.0.0",
      "resolved": "https://registry.npmjs.org/picocolors/-/picocolors-1.0.0.tgz",
      "integrity": "sha512-1fygroTLlHu66zi26VoTDv8yRgm0Fccecssto+MhsZ0D/DGW2sm8E8AjW7NU5VVTRt5GxbeZ5qBuJr+HyLYkjQ=="
    },
    "postcss": {
      "version": "8.4.14",
      "resolved": "https://registry.npmjs.org/postcss/-/postcss-8.4.14.tgz",
      "integrity": "sha512-E398TUmfAYFPBSdzgeieK2Y1+1cpdxJx8yXbK/m57nRhKSmk1GB2tO4lbLBtlkfPQTDKfe4Xqv1ASWPpayPEig==",
      "requires": {
        "nanoid": "^3.3.4",
        "picocolors": "^1.0.0",
        "source-map-js": "^1.0.2"
      }
    },
    "react": {
      "version": "18.2.0",
      "resolved": "https://registry.npmjs.org/react/-/react-18.2.0.tgz",
      "integrity": "sha512-/3IjMdb2L9QbBdWiW5e3P2/npwMBaU9mHCSCUzNln0ZCYbcfTsGbTJrU/kGemdH2IWmB2ioZ+zkxtmq6g09fGQ==",
      "requires": {
        "loose-envify": "^1.1.0"
      }
    },
    "react-dom": {
      "version": "18.2.0",
      "resolved": "https://registry.npmjs.org/react-dom/-/react-dom-18.2.0.tgz",
      "integrity": "sha512-6IMTriUmvsjHUjNtEDudZfuDQUoWXVxKHhlEGSk81n4YFS+r/Kl99wXiwlVXtPBtJenozv2P+hxDsw9eA7Xo6g==",
      "requires": {
        "loose-envify": "^1.1.0",
        "scheduler": "^0.23.0"
      }
    },
    "scheduler": {
      "version": "0.23.0",
      "resolved": "https://registry.npmjs.org/scheduler/-/scheduler-0.23.0.tgz",
      "integrity": "sha512-CtuThmgHNg7zIZWAXi3AsyIzA3n4xx7aNyjwC2VJldO2LMVDhFK+63xGqq6CsJH4rTAt6/M+N4GhZiDYPx9eUw==",
      "requires": {
        "loose-envify": "^1.1.0"
      }
    },
    "source-map-js": {
      "version": "1.0.2",
      "resolved": "https://registry.npmjs.org/source-map-js/-/source-map-js-1.0.2.tgz",
      "integrity": "sha512-R0XvVJ9WusLiqTCEiGCmICCMplcCkIwwR11mOSD9CR5u+IXYdiseeEuXCVAjS54zqwkLcPNnmU4OeJ6tUrWhDw=="
    },
    "styled-jsx": {
      "version": "5.1.0",
      "resolved": "https://registry.npmjs.org/styled-jsx/-/styled-jsx-5.1.0.tgz",
      "integrity": "sha512-/iHaRJt9U7T+5tp6TRelLnqBqiaIT0HsO0+vgyj8hK2KUk7aejFqRrumqPUlAqDwAj8IbS/1hk3IhBAAK/FCUQ==",
      "requires": {
        "client-only": "0.0.1"
      }
    },
    "tslib": {
      "version": "2.4.1",
      "resolved": "https://registry.npmjs.org/tslib/-/tslib-2.4.1.tgz",
      "integrity": "sha512-tGyy4dAjRIEwI7BzsB0lynWgOpfqjUdq91XXAlIWD2OwKBH7oCl/GZG/HT4BOHrTlPMOASlMQ7veyTqpmRcrNA=="
    },
    "use-sync-external-store": {
      "version": "1.2.0",
      "resolved": "https://registry.npmjs.org/use-sync-external-store/-/use-sync-external-store-1.2.0.tgz",
      "integrity": "sha512-eEgnFxGQ1Ife9bzYs6VLi8/4X6CObHMw9Qr9tPY43iKwsPw8xE8+EFsf/2cFZ5S3esXgpWgtSCtLNS41F+sKPA=="
    }
  }
}
